
Microsoft Visual Studio Solution File, Format Version 12.00
# Visual Studio 15
VisualStudioVersion = 15.0.28307.136
MinimumVisualStudioVersion = 10.0.40219.1
Project("{8BC9CEB8-8B4A-11D0-8D11-00A0C91BC942}") = "llfsm", "llfsm\build\llfsm.vcxproj", "{CA4E75ED-805D-3FA8-926D-0FDE596E70C6}"
EndProject
Project("{8BC9CEB8-8B4A-11D0-8D11-00A0C91BC942}") = "winutils", "winutils\build\winutils.vcxproj", "{A527E2E5-516D-3832-84D4-A05CF1717C8C}"
EndProject
Project("{8BC9CEB8-8B4A-11D0-8D11-00A0C91BC942}") = "mmi_exe", "mmi_exe\mmi_exe.vcxproj", "{B9AAC537-283B-492A-BAD5-64D82AB4A783}"
	ProjectSection(ProjectDependencies) = postProject
		{B6A2981C-C16A-3BCE-B21D-FAE3A8EC5770} = {B6A2981C-C16A-3BCE-B21D-FAE3A8EC5770}
		{A527E2E5-516D-3832-84D4-A05CF1717C8C} = {A527E2E5-516D-3832-84D4-A05CF1717C8C}
		{CA4E75ED-805D-3FA8-926D-0FDE596E70C6} = {CA4E75ED-805D-3FA8-926D-0FDE596E70C6}
	EndProjectSection
EndProject
Project("{8BC9CEB8-8B4A-11D0-8D11-00A0C91BC942}") = "core", "core\build\core.vcxproj", "{B6A2981C-C16A-3BCE-B21D-FAE3A8EC5770}"
	ProjectSection(ProjectDependencies) = postProject
		{A527E2E5-516D-3832-84D4-A05CF1717C8C} = {A527E2E5-516D-3832-84D4-A05CF1717C8C}
		{CA4E75ED-805D-3FA8-926D-0FDE596E70C6} = {CA4E75ED-805D-3FA8-926D-0FDE596E70C6}
	EndProjectSection
EndProject
Project("{8BC9CEB8-8B4A-11D0-8D11-00A0C91BC942}") = "spy_dll", "spy_dll\build\spy_dll.vcxproj", "{167AA729-B3D6-3086-BCE3-34699B10DBEE}"
EndProject
Global
	GlobalSection(SolutionConfigurationPlatforms) = preSolution
		Debug|x64 = Debug|x64
		Debug|x86 = Debug|x86
		MinSizeRel|x64 = MinSizeRel|x64
		MinSizeRel|x86 = MinSizeRel|x86
		Release|x64 = Release|x64
		Release|x86 = Release|x86
		RelWithDebInfo|x64 = RelWithDebInfo|x64
		RelWithDebInfo|x86 = RelWithDebInfo|x86
	EndGlobalSection
	GlobalSection(ProjectConfigurationPlatforms) = postSolution
		{CA4E75ED-805D-3FA8-926D-0FDE596E70C6}.Debug|x64.ActiveCfg = Debug|Win32
		{CA4E75ED-805D-3FA8-926D-0FDE596E70C6}.Debug|x86.ActiveCfg = Debug|Win32
		{CA4E75ED-805D-3FA8-926D-0FDE596E70C6}.Debug|x86.Build.0 = Debug|Win32
		{CA4E75ED-805D-3FA8-926D-0FDE596E70C6}.MinSizeRel|x64.ActiveCfg = MinSizeRel|Win32
		{CA4E75ED-805D-3FA8-926D-0FDE596E70C6}.MinSizeRel|x86.ActiveCfg = MinSizeRel|Win32
		{CA4E75ED-805D-3FA8-926D-0FDE596E70C6}.MinSizeRel|x86.Build.0 = MinSizeRel|Win32
		{CA4E75ED-805D-3FA8-926D-0FDE596E70C6}.Release|x64.ActiveCfg = Release|Win32
		{CA4E75ED-805D-3FA8-926D-0FDE596E70C6}.Release|x86.ActiveCfg = Release|Win32
		{CA4E75ED-805D-3FA8-926D-0FDE596E70C6}.Release|x86.Build.0 = Release|Win32
		{CA4E75ED-805D-3FA8-926D-0FDE596E70C6}.RelWithDebInfo|x64.ActiveCfg = RelWithDebInfo|Win32
		{CA4E75ED-805D-3FA8-926D-0FDE596E70C6}.RelWithDebInfo|x86.ActiveCfg = RelWithDebInfo|Win32
		{CA4E75ED-805D-3FA8-926D-0FDE596E70C6}.RelWithDebInfo|x86.Build.0 = RelWithDebInfo|Win32
		{A527E2E5-516D-3832-84D4-A05CF1717C8C}.Debug|x64.ActiveCfg = Debug|Win32
		{A527E2E5-516D-3832-84D4-A05CF1717C8C}.Debug|x86.ActiveCfg = Debug|Win32
		{A527E2E5-516D-3832-84D4-A05CF1717C8C}.Debug|x86.Build.0 = Debug|Win32
		{A527E2E5-516D-3832-84D4-A05CF1717C8C}.MinSizeRel|x64.ActiveCfg = MinSizeRel|Win32
		{A527E2E5-516D-3832-84D4-A05CF1717C8C}.MinSizeRel|x86.ActiveCfg = MinSizeRel|Win32
		{A527E2E5-516D-3832-84D4-A05CF1717C8C}.MinSizeRel|x86.Build.0 = MinSizeRel|Win32
		{A527E2E5-516D-3832-84D4-A05CF1717C8C}.Release|x64.ActiveCfg = Release|Win32
		{A527E2E5-516D-3832-84D4-A05CF1717C8C}.Release|x86.ActiveCfg = Release|Win32
		{A527E2E5-516D-3832-84D4-A05CF1717C8C}.Release|x86.Build.0 = Release|Win32
		{A527E2E5-516D-3832-84D4-A05CF1717C8C}.RelWithDebInfo|x64.ActiveCfg = RelWithDebInfo|Win32
		{A527E2E5-516D-3832-84D4-A05CF1717C8C}.RelWithDebInfo|x86.ActiveCfg = RelWithDebInfo|Win32
		{A527E2E5-516D-3832-84D4-A05CF1717C8C}.RelWithDebInfo|x86.Build.0 = RelWithDebInfo|Win32
		{B9AAC537-283B-492A-BAD5-64D82AB4A783}.Debug|x64.ActiveCfg = Debug|x64
		{B9AAC537-283B-492A-BAD5-64D82AB4A783}.Debug|x64.Build.0 = Debug|x64
		{B9AAC537-283B-492A-BAD5-64D82AB4A783}.Debug|x86.ActiveCfg = Debug|Win32
		{B9AAC537-283B-492A-BAD5-64D82AB4A783}.Debug|x86.Build.0 = Debug|Win32
		{B9AAC537-283B-492A-BAD5-64D82AB4A783}.MinSizeRel|x64.ActiveCfg = Release|x64
		{B9AAC537-283B-492A-BAD5-64D82AB4A783}.MinSizeRel|x64.Build.0 = Release|x64
		{B9AAC537-283B-492A-BAD5-64D82AB4A783}.MinSizeRel|x86.ActiveCfg = Release|Win32
		{B9AAC537-283B-492A-BAD5-64D82AB4A783}.MinSizeRel|x86.Build.0 = Release|Win32
		{B9AAC537-283B-492A-BAD5-64D82AB4A783}.Release|x64.ActiveCfg = Release|x64
		{B9AAC537-283B-492A-BAD5-64D82AB4A783}.Release|x64.Build.0 = Release|x64
		{B9AAC537-283B-492A-BAD5-64D82AB4A783}.Release|x86.ActiveCfg = Release|Win32
		{B9AAC537-283B-492A-BAD5-64D82AB4A783}.Release|x86.Build.0 = Release|Win32
		{B9AAC537-283B-492A-BAD5-64D82AB4A783}.RelWithDebInfo|x64.ActiveCfg = Release|x64
		{B9AAC537-283B-492A-BAD5-64D82AB4A783}.RelWithDebInfo|x64.Build.0 = Release|x64
		{B9AAC537-283B-492A-BAD5-64D82AB4A783}.RelWithDebInfo|x86.ActiveCfg = Release|Win32
		{B9AAC537-283B-492A-BAD5-64D82AB4A783}.RelWithDebInfo|x86.Build.0 = Release|Win32
		{B6A2981C-C16A-3BCE-B21D-FAE3A8EC5770}.Debug|x64.ActiveCfg = Debug|Win32
		{B6A2981C-C16A-3BCE-B21D-FAE3A8EC5770}.Debug|x86.ActiveCfg = Debug|Win32
		{B6A2981C-C16A-3BCE-B21D-FAE3A8EC5770}.Debug|x86.Build.0 = Debug|Win32
		{B6A2981C-C16A-3BCE-B21D-FAE3A8EC5770}.MinSizeRel|x64.ActiveCfg = MinSizeRel|Win32
		{B6A2981C-C16A-3BCE-B21D-FAE3A8EC5770}.MinSizeRel|x86.ActiveCfg = MinSizeRel|Win32
		{B6A2981C-C16A-3BCE-B21D-FAE3A8EC5770}.MinSizeRel|x86.Build.0 = MinSizeRel|Win32
		{B6A2981C-C16A-3BCE-B21D-FAE3A8EC5770}.Release|x64.ActiveCfg = Release|Win32
		{B6A2981C-C16A-3BCE-B21D-FAE3A8EC5770}.Release|x86.ActiveCfg = Release|Win32
		{B6A2981C-C16A-3BCE-B21D-FAE3A8EC5770}.Release|x86.Build.0 = Release|Win32
		{B6A2981C-C16A-3BCE-B21D-FAE3A8EC5770}.RelWithDebInfo|x64.ActiveCfg = RelWithDebInfo|Win32
		{B6A2981C-C16A-3BCE-B21D-FAE3A8EC5770}.RelWithDebInfo|x86.ActiveCfg = RelWithDebInfo|Win32
		{B6A2981C-C16A-3BCE-B21D-FAE3A8EC5770}.RelWithDebInfo|x86.Build.0 = RelWithDebInfo|Win32
		{167AA729-B3D6-3086-BCE3-34699B10DBEE}.Debug|x64.ActiveCfg = Debug|Win32
		{167AA729-B3D6-3086-BCE3-34699B10DBEE}.Debug|x86.ActiveCfg = Debug|Win32
		{167AA729-B3D6-3086-BCE3-34699B10DBEE}.Debug|x86.Build.0 = Debug|Win32
		{167AA729-B3D6-3086-BCE3-34699B10DBEE}.MinSizeRel|x64.ActiveCfg = MinSizeRel|Win32
		{167AA729-B3D6-3086-BCE3-34699B10DBEE}.MinSizeRel|x86.ActiveCfg = MinSizeRel|Win32
		{167AA729-B3D6-3086-BCE3-34699B10DBEE}.MinSizeRel|x86.Build.0 = MinSizeRel|Win32
		{167AA729-B3D6-3086-BCE3-34699B10DBEE}.Release|x64.ActiveCfg = Release|Win32
		{167AA729-B3D6-3086-BCE3-34699B10DBEE}.Release|x86.ActiveCfg = Release|Win32
		{167AA729-B3D6-3086-BCE3-34699B10DBEE}.Release|x86.Build.0 = Release|Win32
		{167AA729-B3D6-3086-BCE3-34699B10DBEE}.RelWithDebInfo|x64.ActiveCfg = RelWithDebInfo|Win32
		{167AA729-B3D6-3086-BCE3-34699B10DBEE}.RelWithDebInfo|x86.ActiveCfg = RelWithDebInfo|Win32
		{167AA729-B3D6-3086-BCE3-34699B10DBEE}.RelWithDebInfo|x86.Build.0 = RelWithDebInfo|Win32
	EndGlobalSection
	GlobalSection(SolutionProperties) = preSolution
		HideSolutionNode = FALSE
	EndGlobalSection
	GlobalSection(ExtensibilityGlobals) = postSolution
		SolutionGuid = {E8ABCF9C-E765-4E81-9EA8-9F636ACEEFEC}
	EndGlobalSection
EndGlobal
