
Microsoft Visual Studio Solution File, Format Version 12.00
# Visual Studio 15
VisualStudioVersion = 15.0.28307.136
MinimumVisualStudioVersion = 10.0.40219.1
Project("{8BC9CEB8-8B4A-11D0-8D11-00A0C91BC942}") = "mmi_exe", "mmi_exe\mmi_exe.vcxproj", "{B9AAC537-283B-492A-BAD5-64D82AB4A783}"
	ProjectSection(ProjectDependencies) = postProject
		{7006C004-578A-4C28-84EF-3A088F59F681} = {7006C004-578A-4C28-84EF-3A088F59F681}
		{0F4DC01F-0654-44BB-9CA0-2E9533F78ACD} = {0F4DC01F-0654-44BB-9CA0-2E9533F78ACD}
		{581A59F2-7929-3643-B0FF-D34BBE7658A0} = {581A59F2-7929-3643-B0FF-D34BBE7658A0}
	EndProjectSection
EndProject
Project("{8BC9CEB8-8B4A-11D0-8D11-00A0C91BC942}") = "core", "core\core.vcxproj", "{7006C004-578A-4C28-84EF-3A088F59F681}"
	ProjectSection(ProjectDependencies) = postProject
		{0F4DC01F-0654-44BB-9CA0-2E9533F78ACD} = {0F4DC01F-0654-44BB-9CA0-2E9533F78ACD}
		{581A59F2-7929-3643-B0FF-D34BBE7658A0} = {581A59F2-7929-3643-B0FF-D34BBE7658A0}
	EndProjectSection
EndProject
Project("{8BC9CEB8-8B4A-11D0-8D11-00A0C91BC942}") = "llfsm", "llfsm\build\llfsm.vcxproj", "{581A59F2-7929-3643-B0FF-D34BBE7658A0}"
EndProject
Project("{8BC9CEB8-8B4A-11D0-8D11-00A0C91BC942}") = "winutils", "winutils\winutils.vcxproj", "{0F4DC01F-0654-44BB-9CA0-2E9533F78ACD}"
EndProject
Global
	GlobalSection(SolutionConfigurationPlatforms) = preSolution
		Debug|x64 = Debug|x64
		Debug|x86 = Debug|x86
		MinSizeRel|x64 = MinSizeRel|x64
		MinSizeRel|x86 = MinSizeRel|x86
		Release|x64 = Release|x64
		Release|x86 = Release|x86
		RelWithDebInfo|x64 = RelWithDebInfo|x64
		RelWithDebInfo|x86 = RelWithDebInfo|x86
	EndGlobalSection
	GlobalSection(ProjectConfigurationPlatforms) = postSolution
		{B9AAC537-283B-492A-BAD5-64D82AB4A783}.Debug|x64.ActiveCfg = Debug|x64
		{B9AAC537-283B-492A-BAD5-64D82AB4A783}.Debug|x64.Build.0 = Debug|x64
		{B9AAC537-283B-492A-BAD5-64D82AB4A783}.Debug|x86.ActiveCfg = Debug|Win32
		{B9AAC537-283B-492A-BAD5-64D82AB4A783}.Debug|x86.Build.0 = Debug|Win32
		{B9AAC537-283B-492A-BAD5-64D82AB4A783}.MinSizeRel|x64.ActiveCfg = Release|x64
		{B9AAC537-283B-492A-BAD5-64D82AB4A783}.MinSizeRel|x64.Build.0 = Release|x64
		{B9AAC537-283B-492A-BAD5-64D82AB4A783}.MinSizeRel|x86.ActiveCfg = Release|Win32
		{B9AAC537-283B-492A-BAD5-64D82AB4A783}.MinSizeRel|x86.Build.0 = Release|Win32
		{B9AAC537-283B-492A-BAD5-64D82AB4A783}.Release|x64.ActiveCfg = Release|x64
		{B9AAC537-283B-492A-BAD5-64D82AB4A783}.Release|x64.Build.0 = Release|x64
		{B9AAC537-283B-492A-BAD5-64D82AB4A783}.Release|x86.ActiveCfg = Release|Win32
		{B9AAC537-283B-492A-BAD5-64D82AB4A783}.Release|x86.Build.0 = Release|Win32
		{B9AAC537-283B-492A-BAD5-64D82AB4A783}.RelWithDebInfo|x64.ActiveCfg = Release|x64
		{B9AAC537-283B-492A-BAD5-64D82AB4A783}.RelWithDebInfo|x64.Build.0 = Release|x64
		{B9AAC537-283B-492A-BAD5-64D82AB4A783}.RelWithDebInfo|x86.ActiveCfg = Release|Win32
		{B9AAC537-283B-492A-BAD5-64D82AB4A783}.RelWithDebInfo|x86.Build.0 = Release|Win32
		{7006C004-578A-4C28-84EF-3A088F59F681}.Debug|x64.ActiveCfg = Debug|x64
		{7006C004-578A-4C28-84EF-3A088F59F681}.Debug|x64.Build.0 = Debug|x64
		{7006C004-578A-4C28-84EF-3A088F59F681}.Debug|x86.ActiveCfg = Debug|Win32
		{7006C004-578A-4C28-84EF-3A088F59F681}.Debug|x86.Build.0 = Debug|Win32
		{7006C004-578A-4C28-84EF-3A088F59F681}.MinSizeRel|x64.ActiveCfg = Release|x64
		{7006C004-578A-4C28-84EF-3A088F59F681}.MinSizeRel|x64.Build.0 = Release|x64
		{7006C004-578A-4C28-84EF-3A088F59F681}.MinSizeRel|x86.ActiveCfg = Release|Win32
		{7006C004-578A-4C28-84EF-3A088F59F681}.MinSizeRel|x86.Build.0 = Release|Win32
		{7006C004-578A-4C28-84EF-3A088F59F681}.Release|x64.ActiveCfg = Release|x64
		{7006C004-578A-4C28-84EF-3A088F59F681}.Release|x64.Build.0 = Release|x64
		{7006C004-578A-4C28-84EF-3A088F59F681}.Release|x86.ActiveCfg = Release|Win32
		{7006C004-578A-4C28-84EF-3A088F59F681}.Release|x86.Build.0 = Release|Win32
		{7006C004-578A-4C28-84EF-3A088F59F681}.RelWithDebInfo|x64.ActiveCfg = Release|x64
		{7006C004-578A-4C28-84EF-3A088F59F681}.RelWithDebInfo|x64.Build.0 = Release|x64
		{7006C004-578A-4C28-84EF-3A088F59F681}.RelWithDebInfo|x86.ActiveCfg = Release|Win32
		{7006C004-578A-4C28-84EF-3A088F59F681}.RelWithDebInfo|x86.Build.0 = Release|Win32
		{581A59F2-7929-3643-B0FF-D34BBE7658A0}.Debug|x64.ActiveCfg = Debug|Win32
		{581A59F2-7929-3643-B0FF-D34BBE7658A0}.Debug|x86.ActiveCfg = Debug|Win32
		{581A59F2-7929-3643-B0FF-D34BBE7658A0}.Debug|x86.Build.0 = Debug|Win32
		{581A59F2-7929-3643-B0FF-D34BBE7658A0}.MinSizeRel|x64.ActiveCfg = MinSizeRel|Win32
		{581A59F2-7929-3643-B0FF-D34BBE7658A0}.MinSizeRel|x86.ActiveCfg = MinSizeRel|Win32
		{581A59F2-7929-3643-B0FF-D34BBE7658A0}.MinSizeRel|x86.Build.0 = MinSizeRel|Win32
		{581A59F2-7929-3643-B0FF-D34BBE7658A0}.Release|x64.ActiveCfg = Release|Win32
		{581A59F2-7929-3643-B0FF-D34BBE7658A0}.Release|x86.ActiveCfg = Release|Win32
		{581A59F2-7929-3643-B0FF-D34BBE7658A0}.Release|x86.Build.0 = Release|Win32
		{581A59F2-7929-3643-B0FF-D34BBE7658A0}.RelWithDebInfo|x64.ActiveCfg = RelWithDebInfo|Win32
		{581A59F2-7929-3643-B0FF-D34BBE7658A0}.RelWithDebInfo|x86.ActiveCfg = RelWithDebInfo|Win32
		{581A59F2-7929-3643-B0FF-D34BBE7658A0}.RelWithDebInfo|x86.Build.0 = RelWithDebInfo|Win32
		{0F4DC01F-0654-44BB-9CA0-2E9533F78ACD}.Debug|x64.ActiveCfg = Debug|x64
		{0F4DC01F-0654-44BB-9CA0-2E9533F78ACD}.Debug|x64.Build.0 = Debug|x64
		{0F4DC01F-0654-44BB-9CA0-2E9533F78ACD}.Debug|x86.ActiveCfg = Debug|Win32
		{0F4DC01F-0654-44BB-9CA0-2E9533F78ACD}.Debug|x86.Build.0 = Debug|Win32
		{0F4DC01F-0654-44BB-9CA0-2E9533F78ACD}.MinSizeRel|x64.ActiveCfg = Release|x64
		{0F4DC01F-0654-44BB-9CA0-2E9533F78ACD}.MinSizeRel|x64.Build.0 = Release|x64
		{0F4DC01F-0654-44BB-9CA0-2E9533F78ACD}.MinSizeRel|x86.ActiveCfg = Release|Win32
		{0F4DC01F-0654-44BB-9CA0-2E9533F78ACD}.MinSizeRel|x86.Build.0 = Release|Win32
		{0F4DC01F-0654-44BB-9CA0-2E9533F78ACD}.Release|x64.ActiveCfg = Release|x64
		{0F4DC01F-0654-44BB-9CA0-2E9533F78ACD}.Release|x64.Build.0 = Release|x64
		{0F4DC01F-0654-44BB-9CA0-2E9533F78ACD}.Release|x86.ActiveCfg = Release|Win32
		{0F4DC01F-0654-44BB-9CA0-2E9533F78ACD}.Release|x86.Build.0 = Release|Win32
		{0F4DC01F-0654-44BB-9CA0-2E9533F78ACD}.RelWithDebInfo|x64.ActiveCfg = Release|x64
		{0F4DC01F-0654-44BB-9CA0-2E9533F78ACD}.RelWithDebInfo|x64.Build.0 = Release|x64
		{0F4DC01F-0654-44BB-9CA0-2E9533F78ACD}.RelWithDebInfo|x86.ActiveCfg = Release|Win32
		{0F4DC01F-0654-44BB-9CA0-2E9533F78ACD}.RelWithDebInfo|x86.Build.0 = Release|Win32
	EndGlobalSection
	GlobalSection(SolutionProperties) = preSolution
		HideSolutionNode = FALSE
	EndGlobalSection
	GlobalSection(ExtensibilityGlobals) = postSolution
		SolutionGuid = {E8ABCF9C-E765-4E81-9EA8-9F636ACEEFEC}
	EndGlobalSection
EndGlobal
